// !$*UTF8*$!
{
	archiveVersion = 1;
	classes = {
	};
	objectVersion = 46;
	objects = {

/* Begin PBXBuildFile section */
		293DA67E19E448040030A26F /* complex.cpp in Sources */ = {isa = PBXBuildFile; fileRef = 293DA67D19E448040030A26F /* complex.cpp */; };
		293DA68019E448200030A26F /* complextest.cpp in Sources */ = {isa = PBXBuildFile; fileRef = 293DA67F19E448200030A26F /* complextest.cpp */; };
/* End PBXBuildFile section */

/* Begin PBXCopyFilesBuildPhase section */
		293DA67119E447DB0030A26F /* CopyFiles */ = {
			isa = PBXCopyFilesBuildPhase;
			buildActionMask = 2147483647;
			dstPath = /usr/share/man/man1/;
			dstSubfolderSpec = 0;
			files = (
			);
			runOnlyForDeploymentPostprocessing = 1;
		};
/* End PBXCopyFilesBuildPhase section */

/* Begin PBXFileReference section */
		293DA67319E447DB0030A26F /* complex */ = {isa = PBXFileReference; explicitFileType = "compiled.mach-o.executable"; includeInIndex = 0; path = complex; sourceTree = BUILT_PRODUCTS_DIR; };
		293DA67D19E448040030A26F /* complex.cpp */ = {isa = PBXFileReference; fileEncoding = 4; lastKnownFileType = sourcecode.cpp.cpp; path = complex.cpp; sourceTree = "<group>"; };
		293DA67F19E448200030A26F /* complextest.cpp */ = {isa = PBXFileReference; fileEncoding = 4; lastKnownFileType = sourcecode.cpp.cpp; path = complextest.cpp; sourceTree = "<group>"; };
		293DA68119E448320030A26F /* complex.h */ = {isa = PBXFileReference; lastKnownFileType = sourcecode.c.h; path = complex.h; sourceTree = "<group>"; };
/* End PBXFileReference section */

/* Begin PBXFrameworksBuildPhase section */
		293DA67019E447DB0030A26F /* Frameworks */ = {
			isa = PBXFrameworksBuildPhase;
			buildActionMask = 2147483647;
			files = (
			);
			runOnlyForDeploymentPostprocessing = 0;
		};
/* End PBXFrameworksBuildPhase section */

/* Begin PBXGroup section */
		293DA66A19E447DB0030A26F = {
			isa = PBXGroup;
			children = (
				293DA67519E447DB0030A26F /* complex */,
				293DA67419E447DB0030A26F /* Products */,
			);
			sourceTree = "<group>";
		};
		293DA67419E447DB0030A26F /* Products */ = {
			isa = PBXGroup;
			children = (
				293DA67319E447DB0030A26F /* complex */,
			);
			name = Products;
			sourceTree = "<group>";
		};
		293DA67519E447DB0030A26F /* complex */ = {
			isa = PBXGroup;
			children = (
				293DA67D19E448040030A26F /* complex.cpp */,
				293DA67F19E448200030A26F /* complextest.cpp */,
				293DA68119E448320030A26F /* complex.h */,
			);
			path = complex;
			sourceTree = "<group>";
		};
/* End PBXGroup section */

/* Begin PBXNativeTarget section */
		293DA67219E447DB0030A26F /* complex */ = {
			isa = PBXNativeTarget;
			buildConfigurationList = 293DA67A19E447DB0030A26F /* Build configuration list for PBXNativeTarget "complex" */;
			buildPhases = (
				293DA66F19E447DB0030A26F /* Sources */,
				293DA67019E447DB0030A26F /* Frameworks */,
				293DA67119E447DB0030A26F /* CopyFiles */,
			);
			buildRules = (
			);
			dependencies = (
			);
			name = complex;
			productName = complex;
			productReference = 293DA67319E447DB0030A26F /* complex */;
			productType = "com.apple.product-type.tool";
		};
/* End PBXNativeTarget section */

/* Begin PBXProject section */
		293DA66B19E447DB0030A26F /* Project object */ = {
			isa = PBXProject;
			attributes = {
				LastUpgradeCheck = 0600;
				ORGANIZATIONNAME = "Zulfikar Ali Sahool Hameed";
				TargetAttributes = {
					293DA67219E447DB0030A26F = {
						CreatedOnToolsVersion = 6.0.1;
					};
				};
			};
			buildConfigurationList = 293DA66E19E447DB0030A26F /* Build configuration list for PBXProject "complex" */;
			compatibilityVersion = "Xcode 3.2";
			developmentRegion = English;
			hasScannedForEncodings = 0;
			knownRegions = (
				en,
			);
			mainGroup = 293DA66A19E447DB0030A26F;
			productRefGroup = 293DA67419E447DB0030A26F /* Products */;
			projectDirPath = "";
			projectRoot = "";
			targets = (
				293DA67219E447DB0030A26F /* complex */,
			);
		};
/* End PBXProject section */

/* Begin PBXSourcesBuildPhase section */
		293DA66F19E447DB0030A26F /* Sources */ = {
			isa = PBXSourcesBuildPhase;
			buildActionMask = 2147483647;
			files = (
				293DA67E19E448040030A26F /* complex.cpp in Sources */,
				293DA68019E448200030A26F /* complextest.cpp in Sources */,
			);
			runOnlyForDeploymentPostprocessing = 0;
		};
/* End PBXSourcesBuildPhase section */

/* Begin XCBuildConfiguration section */
		293DA67819E447DB0030A26F /* Debug */ = {
			isa = XCBuildConfiguration;
			buildSettings = {
				ALWAYS_SEARCH_USER_PATHS = NO;
				CLANG_CXX_LANGUAGE_STANDARD = "gnu++0x";
				CLANG_CXX_LIBRARY = "libc++";
				CLANG_ENABLE_MODULES = YES;
				CLANG_ENABLE_OBJC_ARC = YES;
				CLANG_WARN_BOOL_CONVERSION = YES;
				CLANG_WARN_CONSTANT_CONVERSION = YES;
				CLANG_WARN_DIRECT_OBJC_ISA_USAGE = YES_ERROR;
				CLANG_WARN_EMPTY_BODY = YES;
				CLANG_WARN_ENUM_CONVERSION = YES;
				CLANG_WARN_INT_CONVERSION = YES;
				CLANG_WARN_OBJC_ROOT_CLASS = YES_ERROR;
				CLANG_WARN_UNREACHABLE_CODE = YES;
				CLANG_WARN__DUPLICATE_METHOD_MATCH = YES;
				COPY_PHASE_STRIP = NO;
				ENABLE_STRICT_OBJC_MSGSEND = YES;
				GCC_C_LANGUAGE_STANDARD = gnu99;
				GCC_DYNAMIC_NO_PIC = NO;
				GCC_OPTIMIZATION_LEVEL = 0;
				GCC_PREPROCESSOR_DEFINITIONS = (
					"DEBUG=1",
					"$(inherited)",
				);
				GCC_SYMBOLS_PRIVATE_EXTERN = NO;
				GCC_WARN_64_TO_32_BIT_CONVERSION = YES;
				GCC_WARN_ABOUT_RETURN_TYPE = YES_ERROR;
				GCC_WARN_UNDECLARED_SELECTOR = YES;
				GCC_WARN_UNINITIALIZED_AUTOS = YES_AGGRESSIVE;
				GCC_WARN_UNUSED_FUNCTION = YES;
				GCC_WARN_UNUSED_VARIABLE = YES;
				MACOSX_DEPLOYMENT_TARGET = 10.9;
				MTL_ENABLE_DEBUG_INFO = YES;
				ONLY_ACTIVE_ARCH = YES;
				SDKROOT = macosx;
			};
			name = Debug;
		};
		293DA67919E447DB0030A26F /* Release */ = {
			isa = XCBuildConfiguration;
			buildSettings = {
				ALWAYS_SEARCH_USER_PATHS = NO;
				CLANG_CXX_LANGUAGE_STANDARD = "gnu++0x";
				CLANG_CXX_LIBRARY = "libc++";
				CLANG_ENABLE_MODULES = YES;
				CLANG_ENABLE_OBJC_ARC = YES;
				CLANG_WARN_BOOL_CONVERSION = YES;
				CLANG_WARN_CONSTANT_CONVERSION = YES;
				CLANG_WARN_DIRECT_OBJC_ISA_USAGE = YES_ERROR;
				CLANG_WARN_EMPTY_BODY = YES;
				CLANG_WARN_ENUM_CONVERSION = YES;
				CLANG_WARN_INT_CONVERSION = YES;
				CLANG_WARN_OBJC_ROOT_CLASS = YES_ERROR;
				CLANG_WARN_UNREACHABLE_CODE = YES;
				CLANG_WARN__DUPLICATE_METHOD_MATCH = YES;
				COPY_PHASE_STRIP = YES;
				DEBUG_INFORMATION_FORMAT = "dwarf-with-dsym";
				ENABLE_NS_ASSERTIONS = NO;
				ENABLE_STRICT_OBJC_MSGSEND = YES;
				GCC_C_LANGUAGE_STANDARD = gnu99;
				GCC_WARN_64_TO_32_BIT_CONVERSION = YES;
				GCC_WARN_ABOUT_RETURN_TYPE = YES_ERROR;
				GCC_WARN_UNDECLARED_SELECTOR = YES;
				GCC_WARN_UNINITIALIZED_AUTOS = YES_AGGRESSIVE;
				GCC_WARN_UNUSED_FUNCTION = YES;
				GCC_WARN_UNUSED_VARIABLE = YES;
				MACOSX_DEPLOYMENT_TARGET = 10.9;
				MTL_ENABLE_DEBUG_INFO = NO;
				SDKROOT = macosx;
			};
			name = Release;
		};
		293DA67B19E447DB0030A26F /* Debug */ = {
			isa = XCBuildConfiguration;
			buildSettings = {
				PRODUCT_NAME = "$(TARGET_NAME)";
			};
			name = Debug;
		};
		293DA67C19E447DB0030A26F /* Release */ = {
			isa = XCBuildConfiguration;
			buildSettings = {
				PRODUCT_NAME = "$(TARGET_NAME)";
			};
			name = Release;
		};
/* End XCBuildConfiguration section */

/* Begin XCConfigurationList section */
		293DA66E19E447DB0030A26F /* Build configuration list for PBXProject "complex" */ = {
			isa = XCConfigurationList;
			buildConfigurations = (
				293DA67819E447DB0030A26F /* Debug */,
				293DA67919E447DB0030A26F /* Release */,
			);
			defaultConfigurationIsVisible = 0;
			defaultConfigurationName = Release;
		};
		293DA67A19E447DB0030A26F /* Build configuration list for PBXNativeTarget "complex" */ = {
			isa = XCConfigurationList;
			buildConfigurations = (
				293DA67B19E447DB0030A26F /* Debug */,
				293DA67C19E447DB0030A26F /* Release */,
			);
			defaultConfigurationIsVisible = 0;
		};
/* End XCConfigurationList section */
	};
	rootObject = 293DA66B19E447DB0030A26F /* Project object */;
}
