// !$*UTF8*$!
{
	archiveVersion = 1;
	classes = {
	};
	objectVersion = 46;
	objects = {

/* Begin PBXBuildFile section */
		2951A3B119DA59590073843A /* amicable.cpp in Sources */ = {isa = PBXBuildFile; fileRef = 2951A3B019DA59590073843A /* amicable.cpp */; };
		2951A3B519DA63CD0073843A /* amicabletest.cpp in Sources */ = {isa = PBXBuildFile; fileRef = 2951A3B319DA63CD0073843A /* amicabletest.cpp */; };
/* End PBXBuildFile section */

/* Begin PBXCopyFilesBuildPhase section */
		2951A39E19D3F33B0073843A /* CopyFiles */ = {
			isa = PBXCopyFilesBuildPhase;
			buildActionMask = 2147483647;
			dstPath = /usr/share/man/man1/;
			dstSubfolderSpec = 0;
			files = (
			);
			runOnlyForDeploymentPostprocessing = 1;
		};
/* End PBXCopyFilesBuildPhase section */

/* Begin PBXFileReference section */
		2951A3A019D3F33B0073843A /* amicablepairs */ = {isa = PBXFileReference; explicitFileType = "compiled.mach-o.executable"; includeInIndex = 0; path = amicablepairs; sourceTree = BUILT_PRODUCTS_DIR; };
		2951A3B019DA59590073843A /* amicable.cpp */ = {isa = PBXFileReference; fileEncoding = 4; lastKnownFileType = sourcecode.cpp.cpp; path = amicable.cpp; sourceTree = "<group>"; };
		2951A3B219DA59940073843A /* amicable.h */ = {isa = PBXFileReference; lastKnownFileType = sourcecode.c.h; path = amicable.h; sourceTree = "<group>"; };
		2951A3B319DA63CD0073843A /* amicabletest.cpp */ = {isa = PBXFileReference; fileEncoding = 4; lastKnownFileType = sourcecode.cpp.cpp; path = amicabletest.cpp; sourceTree = "<group>"; };
/* End PBXFileReference section */

/* Begin PBXFrameworksBuildPhase section */
		2951A39D19D3F33B0073843A /* Frameworks */ = {
			isa = PBXFrameworksBuildPhase;
			buildActionMask = 2147483647;
			files = (
			);
			runOnlyForDeploymentPostprocessing = 0;
		};
/* End PBXFrameworksBuildPhase section */

/* Begin PBXGroup section */
		2951A39719D3F33B0073843A = {
			isa = PBXGroup;
			children = (
				2951A3A219D3F33B0073843A /* amicablepairs */,
				2951A3A119D3F33B0073843A /* Products */,
			);
			sourceTree = "<group>";
		};
		2951A3A119D3F33B0073843A /* Products */ = {
			isa = PBXGroup;
			children = (
				2951A3A019D3F33B0073843A /* amicablepairs */,
			);
			name = Products;
			sourceTree = "<group>";
		};
		2951A3A219D3F33B0073843A /* amicablepairs */ = {
			isa = PBXGroup;
			children = (
				2951A3B019DA59590073843A /* amicable.cpp */,
				2951A3B219DA59940073843A /* amicable.h */,
				2951A3B319DA63CD0073843A /* amicabletest.cpp */,
			);
			path = amicablepairs;
			sourceTree = "<group>";
		};
/* End PBXGroup section */

/* Begin PBXNativeTarget section */
		2951A39F19D3F33B0073843A /* amicablepairs */ = {
			isa = PBXNativeTarget;
			buildConfigurationList = 2951A3A719D3F33B0073843A /* Build configuration list for PBXNativeTarget "amicablepairs" */;
			buildPhases = (
				2951A39C19D3F33B0073843A /* Sources */,
				2951A39D19D3F33B0073843A /* Frameworks */,
				2951A39E19D3F33B0073843A /* CopyFiles */,
			);
			buildRules = (
			);
			dependencies = (
			);
			name = amicablepairs;
			productName = amicablepairs;
			productReference = 2951A3A019D3F33B0073843A /* amicablepairs */;
			productType = "com.apple.product-type.tool";
		};
/* End PBXNativeTarget section */

/* Begin PBXProject section */
		2951A39819D3F33B0073843A /* Project object */ = {
			isa = PBXProject;
			attributes = {
				LastUpgradeCheck = 0600;
				ORGANIZATIONNAME = "Zulfikar Ali Sahool Hameed";
				TargetAttributes = {
					2951A39F19D3F33B0073843A = {
						CreatedOnToolsVersion = 6.0.1;
					};
				};
			};
			buildConfigurationList = 2951A39B19D3F33B0073843A /* Build configuration list for PBXProject "amicablepairs" */;
			compatibilityVersion = "Xcode 3.2";
			developmentRegion = English;
			hasScannedForEncodings = 0;
			knownRegions = (
				en,
			);
			mainGroup = 2951A39719D3F33B0073843A;
			productRefGroup = 2951A3A119D3F33B0073843A /* Products */;
			projectDirPath = "";
			projectRoot = "";
			targets = (
				2951A39F19D3F33B0073843A /* amicablepairs */,
			);
		};
/* End PBXProject section */

/* Begin PBXSourcesBuildPhase section */
		2951A39C19D3F33B0073843A /* Sources */ = {
			isa = PBXSourcesBuildPhase;
			buildActionMask = 2147483647;
			files = (
				2951A3B119DA59590073843A /* amicable.cpp in Sources */,
				2951A3B519DA63CD0073843A /* amicabletest.cpp in Sources */,
			);
			runOnlyForDeploymentPostprocessing = 0;
		};
/* End PBXSourcesBuildPhase section */

/* Begin XCBuildConfiguration section */
		2951A3A519D3F33B0073843A /* Debug */ = {
			isa = XCBuildConfiguration;
			buildSettings = {
				ALWAYS_SEARCH_USER_PATHS = NO;
				CLANG_CXX_LANGUAGE_STANDARD = "gnu++0x";
				CLANG_CXX_LIBRARY = "libc++";
				CLANG_ENABLE_MODULES = YES;
				CLANG_ENABLE_OBJC_ARC = YES;
				CLANG_WARN_BOOL_CONVERSION = YES;
				CLANG_WARN_CONSTANT_CONVERSION = YES;
				CLANG_WARN_DIRECT_OBJC_ISA_USAGE = YES_ERROR;
				CLANG_WARN_EMPTY_BODY = YES;
				CLANG_WARN_ENUM_CONVERSION = YES;
				CLANG_WARN_INT_CONVERSION = YES;
				CLANG_WARN_OBJC_ROOT_CLASS = YES_ERROR;
				CLANG_WARN_UNREACHABLE_CODE = YES;
				CLANG_WARN__DUPLICATE_METHOD_MATCH = YES;
				COPY_PHASE_STRIP = NO;
				ENABLE_STRICT_OBJC_MSGSEND = YES;
				GCC_C_LANGUAGE_STANDARD = gnu99;
				GCC_DYNAMIC_NO_PIC = NO;
				GCC_OPTIMIZATION_LEVEL = 0;
				GCC_PREPROCESSOR_DEFINITIONS = (
					"DEBUG=1",
					"$(inherited)",
				);
				GCC_SYMBOLS_PRIVATE_EXTERN = NO;
				GCC_WARN_64_TO_32_BIT_CONVERSION = YES;
				GCC_WARN_ABOUT_RETURN_TYPE = YES_ERROR;
				GCC_WARN_UNDECLARED_SELECTOR = YES;
				GCC_WARN_UNINITIALIZED_AUTOS = YES_AGGRESSIVE;
				GCC_WARN_UNUSED_FUNCTION = YES;
				GCC_WARN_UNUSED_VARIABLE = YES;
				MACOSX_DEPLOYMENT_TARGET = 10.9;
				MTL_ENABLE_DEBUG_INFO = YES;
				ONLY_ACTIVE_ARCH = YES;
				SDKROOT = macosx;
			};
			name = Debug;
		};
		2951A3A619D3F33B0073843A /* Release */ = {
			isa = XCBuildConfiguration;
			buildSettings = {
				ALWAYS_SEARCH_USER_PATHS = NO;
				CLANG_CXX_LANGUAGE_STANDARD = "gnu++0x";
				CLANG_CXX_LIBRARY = "libc++";
				CLANG_ENABLE_MODULES = YES;
				CLANG_ENABLE_OBJC_ARC = YES;
				CLANG_WARN_BOOL_CONVERSION = YES;
				CLANG_WARN_CONSTANT_CONVERSION = YES;
				CLANG_WARN_DIRECT_OBJC_ISA_USAGE = YES_ERROR;
				CLANG_WARN_EMPTY_BODY = YES;
				CLANG_WARN_ENUM_CONVERSION = YES;
				CLANG_WARN_INT_CONVERSION = YES;
				CLANG_WARN_OBJC_ROOT_CLASS = YES_ERROR;
				CLANG_WARN_UNREACHABLE_CODE = YES;
				CLANG_WARN__DUPLICATE_METHOD_MATCH = YES;
				COPY_PHASE_STRIP = YES;
				DEBUG_INFORMATION_FORMAT = "dwarf-with-dsym";
				ENABLE_NS_ASSERTIONS = NO;
				ENABLE_STRICT_OBJC_MSGSEND = YES;
				GCC_C_LANGUAGE_STANDARD = gnu99;
				GCC_WARN_64_TO_32_BIT_CONVERSION = YES;
				GCC_WARN_ABOUT_RETURN_TYPE = YES_ERROR;
				GCC_WARN_UNDECLARED_SELECTOR = YES;
				GCC_WARN_UNINITIALIZED_AUTOS = YES_AGGRESSIVE;
				GCC_WARN_UNUSED_FUNCTION = YES;
				GCC_WARN_UNUSED_VARIABLE = YES;
				MACOSX_DEPLOYMENT_TARGET = 10.9;
				MTL_ENABLE_DEBUG_INFO = NO;
				SDKROOT = macosx;
			};
			name = Release;
		};
		2951A3A819D3F33B0073843A /* Debug */ = {
			isa = XCBuildConfiguration;
			buildSettings = {
				PRODUCT_NAME = "$(TARGET_NAME)";
			};
			name = Debug;
		};
		2951A3A919D3F33B0073843A /* Release */ = {
			isa = XCBuildConfiguration;
			buildSettings = {
				PRODUCT_NAME = "$(TARGET_NAME)";
			};
			name = Release;
		};
/* End XCBuildConfiguration section */

/* Begin XCConfigurationList section */
		2951A39B19D3F33B0073843A /* Build configuration list for PBXProject "amicablepairs" */ = {
			isa = XCConfigurationList;
			buildConfigurations = (
				2951A3A519D3F33B0073843A /* Debug */,
				2951A3A619D3F33B0073843A /* Release */,
			);
			defaultConfigurationIsVisible = 0;
			defaultConfigurationName = Release;
		};
		2951A3A719D3F33B0073843A /* Build configuration list for PBXNativeTarget "amicablepairs" */ = {
			isa = XCConfigurationList;
			buildConfigurations = (
				2951A3A819D3F33B0073843A /* Debug */,
				2951A3A919D3F33B0073843A /* Release */,
			);
			defaultConfigurationIsVisible = 0;
			defaultConfigurationName = Release;
		};
/* End XCConfigurationList section */
	};
	rootObject = 2951A39819D3F33B0073843A /* Project object */;
}
