// !$*UTF8*$!
{
	archiveVersion = 1;
	classes = {
	};
	objectVersion = 46;
	objects = {

/* Begin PBXBuildFile section */
		29133AE21A15C56900904E25 /* airportstl.cpp in Sources */ = {isa = PBXBuildFile; fileRef = 29133AE11A15C56900904E25 /* airportstl.cpp */; };
/* End PBXBuildFile section */

/* Begin PBXCopyFilesBuildPhase section */
		29133AD01A15BEF700904E25 /* CopyFiles */ = {
			isa = PBXCopyFilesBuildPhase;
			buildActionMask = 2147483647;
			dstPath = /usr/share/man/man1/;
			dstSubfolderSpec = 0;
			files = (
			);
			runOnlyForDeploymentPostprocessing = 1;
		};
/* End PBXCopyFilesBuildPhase section */

/* Begin PBXFileReference section */
		29133AD21A15BEF700904E25 /* dsortstl */ = {isa = PBXFileReference; explicitFileType = "compiled.mach-o.executable"; includeInIndex = 0; path = dsortstl; sourceTree = BUILT_PRODUCTS_DIR; };
		29133AE11A15C56900904E25 /* airportstl.cpp */ = {isa = PBXFileReference; fileEncoding = 4; lastKnownFileType = sourcecode.cpp.cpp; path = airportstl.cpp; sourceTree = SOURCE_ROOT; };
		29133AE31A15CC5000904E25 /* dsortstl.hpp */ = {isa = PBXFileReference; fileEncoding = 4; lastKnownFileType = sourcecode.cpp.h; path = dsortstl.hpp; sourceTree = SOURCE_ROOT; };
		29133AE41A15CC8700904E25 /* dsortstl.h */ = {isa = PBXFileReference; lastKnownFileType = sourcecode.c.h; path = dsortstl.h; sourceTree = SOURCE_ROOT; };
/* End PBXFileReference section */

/* Begin PBXFrameworksBuildPhase section */
		29133ACF1A15BEF700904E25 /* Frameworks */ = {
			isa = PBXFrameworksBuildPhase;
			buildActionMask = 2147483647;
			files = (
			);
			runOnlyForDeploymentPostprocessing = 0;
		};
/* End PBXFrameworksBuildPhase section */

/* Begin PBXGroup section */
		29133AC91A15BEF600904E25 = {
			isa = PBXGroup;
			children = (
				29133AD41A15BEF700904E25 /* dsortstl */,
				29133AD31A15BEF700904E25 /* Products */,
			);
			sourceTree = "<group>";
		};
		29133AD31A15BEF700904E25 /* Products */ = {
			isa = PBXGroup;
			children = (
				29133AD21A15BEF700904E25 /* dsortstl */,
			);
			name = Products;
			sourceTree = "<group>";
		};
		29133AD41A15BEF700904E25 /* dsortstl */ = {
			isa = PBXGroup;
			children = (
				29133AE11A15C56900904E25 /* airportstl.cpp */,
				29133AE31A15CC5000904E25 /* dsortstl.hpp */,
				29133AE41A15CC8700904E25 /* dsortstl.h */,
			);
			path = dsortstl;
			sourceTree = "<group>";
		};
/* End PBXGroup section */

/* Begin PBXNativeTarget section */
		29133AD11A15BEF700904E25 /* dsortstl */ = {
			isa = PBXNativeTarget;
			buildConfigurationList = 29133AD91A15BEF700904E25 /* Build configuration list for PBXNativeTarget "dsortstl" */;
			buildPhases = (
				29133ACE1A15BEF700904E25 /* Sources */,
				29133ACF1A15BEF700904E25 /* Frameworks */,
				29133AD01A15BEF700904E25 /* CopyFiles */,
			);
			buildRules = (
			);
			dependencies = (
			);
			name = dsortstl;
			productName = dsortstl;
			productReference = 29133AD21A15BEF700904E25 /* dsortstl */;
			productType = "com.apple.product-type.tool";
		};
/* End PBXNativeTarget section */

/* Begin PBXProject section */
		29133ACA1A15BEF600904E25 /* Project object */ = {
			isa = PBXProject;
			attributes = {
				LastUpgradeCheck = 0610;
				ORGANIZATIONNAME = "Zulfikar Ali Sahool Hameed";
				TargetAttributes = {
					29133AD11A15BEF700904E25 = {
						CreatedOnToolsVersion = 6.1;
					};
				};
			};
			buildConfigurationList = 29133ACD1A15BEF600904E25 /* Build configuration list for PBXProject "dsortstl" */;
			compatibilityVersion = "Xcode 3.2";
			developmentRegion = English;
			hasScannedForEncodings = 0;
			knownRegions = (
				en,
			);
			mainGroup = 29133AC91A15BEF600904E25;
			productRefGroup = 29133AD31A15BEF700904E25 /* Products */;
			projectDirPath = "";
			projectRoot = "";
			targets = (
				29133AD11A15BEF700904E25 /* dsortstl */,
			);
		};
/* End PBXProject section */

/* Begin PBXSourcesBuildPhase section */
		29133ACE1A15BEF700904E25 /* Sources */ = {
			isa = PBXSourcesBuildPhase;
			buildActionMask = 2147483647;
			files = (
				29133AE21A15C56900904E25 /* airportstl.cpp in Sources */,
			);
			runOnlyForDeploymentPostprocessing = 0;
		};
/* End PBXSourcesBuildPhase section */

/* Begin XCBuildConfiguration section */
		29133AD71A15BEF700904E25 /* Debug */ = {
			isa = XCBuildConfiguration;
			buildSettings = {
				ALWAYS_SEARCH_USER_PATHS = NO;
				CLANG_CXX_LANGUAGE_STANDARD = "gnu++0x";
				CLANG_CXX_LIBRARY = "libc++";
				CLANG_ENABLE_MODULES = YES;
				CLANG_ENABLE_OBJC_ARC = YES;
				CLANG_WARN_BOOL_CONVERSION = YES;
				CLANG_WARN_CONSTANT_CONVERSION = YES;
				CLANG_WARN_DIRECT_OBJC_ISA_USAGE = YES_ERROR;
				CLANG_WARN_EMPTY_BODY = YES;
				CLANG_WARN_ENUM_CONVERSION = YES;
				CLANG_WARN_INT_CONVERSION = YES;
				CLANG_WARN_OBJC_ROOT_CLASS = YES_ERROR;
				CLANG_WARN_UNREACHABLE_CODE = YES;
				CLANG_WARN__DUPLICATE_METHOD_MATCH = YES;
				COPY_PHASE_STRIP = NO;
				ENABLE_STRICT_OBJC_MSGSEND = YES;
				GCC_C_LANGUAGE_STANDARD = gnu99;
				GCC_DYNAMIC_NO_PIC = NO;
				GCC_OPTIMIZATION_LEVEL = 0;
				GCC_PREPROCESSOR_DEFINITIONS = (
					"DEBUG=1",
					"$(inherited)",
				);
				GCC_SYMBOLS_PRIVATE_EXTERN = NO;
				GCC_WARN_64_TO_32_BIT_CONVERSION = YES;
				GCC_WARN_ABOUT_RETURN_TYPE = YES_ERROR;
				GCC_WARN_UNDECLARED_SELECTOR = YES;
				GCC_WARN_UNINITIALIZED_AUTOS = YES_AGGRESSIVE;
				GCC_WARN_UNUSED_FUNCTION = YES;
				GCC_WARN_UNUSED_VARIABLE = YES;
				MACOSX_DEPLOYMENT_TARGET = 10.9;
				MTL_ENABLE_DEBUG_INFO = YES;
				ONLY_ACTIVE_ARCH = YES;
				SDKROOT = macosx;
			};
			name = Debug;
		};
		29133AD81A15BEF700904E25 /* Release */ = {
			isa = XCBuildConfiguration;
			buildSettings = {
				ALWAYS_SEARCH_USER_PATHS = NO;
				CLANG_CXX_LANGUAGE_STANDARD = "gnu++0x";
				CLANG_CXX_LIBRARY = "libc++";
				CLANG_ENABLE_MODULES = YES;
				CLANG_ENABLE_OBJC_ARC = YES;
				CLANG_WARN_BOOL_CONVERSION = YES;
				CLANG_WARN_CONSTANT_CONVERSION = YES;
				CLANG_WARN_DIRECT_OBJC_ISA_USAGE = YES_ERROR;
				CLANG_WARN_EMPTY_BODY = YES;
				CLANG_WARN_ENUM_CONVERSION = YES;
				CLANG_WARN_INT_CONVERSION = YES;
				CLANG_WARN_OBJC_ROOT_CLASS = YES_ERROR;
				CLANG_WARN_UNREACHABLE_CODE = YES;
				CLANG_WARN__DUPLICATE_METHOD_MATCH = YES;
				COPY_PHASE_STRIP = YES;
				DEBUG_INFORMATION_FORMAT = "dwarf-with-dsym";
				ENABLE_NS_ASSERTIONS = NO;
				ENABLE_STRICT_OBJC_MSGSEND = YES;
				GCC_C_LANGUAGE_STANDARD = gnu99;
				GCC_WARN_64_TO_32_BIT_CONVERSION = YES;
				GCC_WARN_ABOUT_RETURN_TYPE = YES_ERROR;
				GCC_WARN_UNDECLARED_SELECTOR = YES;
				GCC_WARN_UNINITIALIZED_AUTOS = YES_AGGRESSIVE;
				GCC_WARN_UNUSED_FUNCTION = YES;
				GCC_WARN_UNUSED_VARIABLE = YES;
				MACOSX_DEPLOYMENT_TARGET = 10.9;
				MTL_ENABLE_DEBUG_INFO = NO;
				SDKROOT = macosx;
			};
			name = Release;
		};
		29133ADA1A15BEF700904E25 /* Debug */ = {
			isa = XCBuildConfiguration;
			buildSettings = {
				PRODUCT_NAME = "$(TARGET_NAME)";
			};
			name = Debug;
		};
		29133ADB1A15BEF700904E25 /* Release */ = {
			isa = XCBuildConfiguration;
			buildSettings = {
				PRODUCT_NAME = "$(TARGET_NAME)";
			};
			name = Release;
		};
/* End XCBuildConfiguration section */

/* Begin XCConfigurationList section */
		29133ACD1A15BEF600904E25 /* Build configuration list for PBXProject "dsortstl" */ = {
			isa = XCConfigurationList;
			buildConfigurations = (
				29133AD71A15BEF700904E25 /* Debug */,
				29133AD81A15BEF700904E25 /* Release */,
			);
			defaultConfigurationIsVisible = 0;
			defaultConfigurationName = Release;
		};
		29133AD91A15BEF700904E25 /* Build configuration list for PBXNativeTarget "dsortstl" */ = {
			isa = XCConfigurationList;
			buildConfigurations = (
				29133ADA1A15BEF700904E25 /* Debug */,
				29133ADB1A15BEF700904E25 /* Release */,
			);
			defaultConfigurationIsVisible = 0;
		};
/* End XCConfigurationList section */
	};
	rootObject = 29133ACA1A15BEF600904E25 /* Project object */;
}
