// !$*UTF8*$!
{
	archiveVersion = 1;
	classes = {
	};
	objectVersion = 46;
	objects = {

/* Begin PBXBuildFile section */
		2951A3CB19DB73DB0073843A /* truthtable.cpp in Sources */ = {isa = PBXBuildFile; fileRef = 2951A3C919DB73DB0073843A /* truthtable.cpp */; };
		2951A3CD19DB73F30073843A /* truthtabletest.cpp in Sources */ = {isa = PBXBuildFile; fileRef = 2951A3CC19DB73F30073843A /* truthtabletest.cpp */; };
/* End PBXBuildFile section */

/* Begin PBXCopyFilesBuildPhase section */
		2951A3BD19DB73A10073843A /* CopyFiles */ = {
			isa = PBXCopyFilesBuildPhase;
			buildActionMask = 2147483647;
			dstPath = /usr/share/man/man1/;
			dstSubfolderSpec = 0;
			files = (
			);
			runOnlyForDeploymentPostprocessing = 1;
		};
/* End PBXCopyFilesBuildPhase section */

/* Begin PBXFileReference section */
		2951A3BF19DB73A10073843A /* truthtable */ = {isa = PBXFileReference; explicitFileType = "compiled.mach-o.executable"; includeInIndex = 0; path = truthtable; sourceTree = BUILT_PRODUCTS_DIR; };
		2951A3C919DB73DB0073843A /* truthtable.cpp */ = {isa = PBXFileReference; fileEncoding = 4; lastKnownFileType = sourcecode.cpp.cpp; path = truthtable.cpp; sourceTree = "<group>"; };
		2951A3CA19DB73DB0073843A /* truthtable.h */ = {isa = PBXFileReference; fileEncoding = 4; lastKnownFileType = sourcecode.c.h; path = truthtable.h; sourceTree = "<group>"; };
		2951A3CC19DB73F30073843A /* truthtabletest.cpp */ = {isa = PBXFileReference; fileEncoding = 4; lastKnownFileType = sourcecode.cpp.cpp; path = truthtabletest.cpp; sourceTree = "<group>"; };
/* End PBXFileReference section */

/* Begin PBXFrameworksBuildPhase section */
		2951A3BC19DB73A10073843A /* Frameworks */ = {
			isa = PBXFrameworksBuildPhase;
			buildActionMask = 2147483647;
			files = (
			);
			runOnlyForDeploymentPostprocessing = 0;
		};
/* End PBXFrameworksBuildPhase section */

/* Begin PBXGroup section */
		2951A3B619DB73A10073843A = {
			isa = PBXGroup;
			children = (
				2951A3C119DB73A10073843A /* truthtable */,
				2951A3C019DB73A10073843A /* Products */,
			);
			sourceTree = "<group>";
		};
		2951A3C019DB73A10073843A /* Products */ = {
			isa = PBXGroup;
			children = (
				2951A3BF19DB73A10073843A /* truthtable */,
			);
			name = Products;
			sourceTree = "<group>";
		};
		2951A3C119DB73A10073843A /* truthtable */ = {
			isa = PBXGroup;
			children = (
				2951A3C919DB73DB0073843A /* truthtable.cpp */,
				2951A3CA19DB73DB0073843A /* truthtable.h */,
				2951A3CC19DB73F30073843A /* truthtabletest.cpp */,
			);
			path = truthtable;
			sourceTree = "<group>";
		};
/* End PBXGroup section */

/* Begin PBXNativeTarget section */
		2951A3BE19DB73A10073843A /* truthtable */ = {
			isa = PBXNativeTarget;
			buildConfigurationList = 2951A3C619DB73A10073843A /* Build configuration list for PBXNativeTarget "truthtable" */;
			buildPhases = (
				2951A3BB19DB73A10073843A /* Sources */,
				2951A3BC19DB73A10073843A /* Frameworks */,
				2951A3BD19DB73A10073843A /* CopyFiles */,
			);
			buildRules = (
			);
			dependencies = (
			);
			name = truthtable;
			productName = truthtable;
			productReference = 2951A3BF19DB73A10073843A /* truthtable */;
			productType = "com.apple.product-type.tool";
		};
/* End PBXNativeTarget section */

/* Begin PBXProject section */
		2951A3B719DB73A10073843A /* Project object */ = {
			isa = PBXProject;
			attributes = {
				LastUpgradeCheck = 0600;
				ORGANIZATIONNAME = "Zulfikar Ali Sahool Hameed";
				TargetAttributes = {
					2951A3BE19DB73A10073843A = {
						CreatedOnToolsVersion = 6.0.1;
					};
				};
			};
			buildConfigurationList = 2951A3BA19DB73A10073843A /* Build configuration list for PBXProject "truthtable" */;
			compatibilityVersion = "Xcode 3.2";
			developmentRegion = English;
			hasScannedForEncodings = 0;
			knownRegions = (
				en,
			);
			mainGroup = 2951A3B619DB73A10073843A;
			productRefGroup = 2951A3C019DB73A10073843A /* Products */;
			projectDirPath = "";
			projectRoot = "";
			targets = (
				2951A3BE19DB73A10073843A /* truthtable */,
			);
		};
/* End PBXProject section */

/* Begin PBXSourcesBuildPhase section */
		2951A3BB19DB73A10073843A /* Sources */ = {
			isa = PBXSourcesBuildPhase;
			buildActionMask = 2147483647;
			files = (
				2951A3CD19DB73F30073843A /* truthtabletest.cpp in Sources */,
				2951A3CB19DB73DB0073843A /* truthtable.cpp in Sources */,
			);
			runOnlyForDeploymentPostprocessing = 0;
		};
/* End PBXSourcesBuildPhase section */

/* Begin XCBuildConfiguration section */
		2951A3C419DB73A10073843A /* Debug */ = {
			isa = XCBuildConfiguration;
			buildSettings = {
				ALWAYS_SEARCH_USER_PATHS = NO;
				CLANG_CXX_LANGUAGE_STANDARD = "gnu++0x";
				CLANG_CXX_LIBRARY = "libc++";
				CLANG_ENABLE_MODULES = YES;
				CLANG_ENABLE_OBJC_ARC = YES;
				CLANG_WARN_BOOL_CONVERSION = YES;
				CLANG_WARN_CONSTANT_CONVERSION = YES;
				CLANG_WARN_DIRECT_OBJC_ISA_USAGE = YES_ERROR;
				CLANG_WARN_EMPTY_BODY = YES;
				CLANG_WARN_ENUM_CONVERSION = YES;
				CLANG_WARN_INT_CONVERSION = YES;
				CLANG_WARN_OBJC_ROOT_CLASS = YES_ERROR;
				CLANG_WARN_UNREACHABLE_CODE = YES;
				CLANG_WARN__DUPLICATE_METHOD_MATCH = YES;
				COPY_PHASE_STRIP = NO;
				ENABLE_STRICT_OBJC_MSGSEND = YES;
				GCC_C_LANGUAGE_STANDARD = gnu99;
				GCC_DYNAMIC_NO_PIC = NO;
				GCC_OPTIMIZATION_LEVEL = 0;
				GCC_PREPROCESSOR_DEFINITIONS = (
					"DEBUG=1",
					"$(inherited)",
				);
				GCC_SYMBOLS_PRIVATE_EXTERN = NO;
				GCC_WARN_64_TO_32_BIT_CONVERSION = YES;
				GCC_WARN_ABOUT_RETURN_TYPE = YES_ERROR;
				GCC_WARN_UNDECLARED_SELECTOR = YES;
				GCC_WARN_UNINITIALIZED_AUTOS = YES_AGGRESSIVE;
				GCC_WARN_UNUSED_FUNCTION = YES;
				GCC_WARN_UNUSED_VARIABLE = YES;
				MACOSX_DEPLOYMENT_TARGET = 10.9;
				MTL_ENABLE_DEBUG_INFO = YES;
				ONLY_ACTIVE_ARCH = YES;
				SDKROOT = macosx;
			};
			name = Debug;
		};
		2951A3C519DB73A10073843A /* Release */ = {
			isa = XCBuildConfiguration;
			buildSettings = {
				ALWAYS_SEARCH_USER_PATHS = NO;
				CLANG_CXX_LANGUAGE_STANDARD = "gnu++0x";
				CLANG_CXX_LIBRARY = "libc++";
				CLANG_ENABLE_MODULES = YES;
				CLANG_ENABLE_OBJC_ARC = YES;
				CLANG_WARN_BOOL_CONVERSION = YES;
				CLANG_WARN_CONSTANT_CONVERSION = YES;
				CLANG_WARN_DIRECT_OBJC_ISA_USAGE = YES_ERROR;
				CLANG_WARN_EMPTY_BODY = YES;
				CLANG_WARN_ENUM_CONVERSION = YES;
				CLANG_WARN_INT_CONVERSION = YES;
				CLANG_WARN_OBJC_ROOT_CLASS = YES_ERROR;
				CLANG_WARN_UNREACHABLE_CODE = YES;
				CLANG_WARN__DUPLICATE_METHOD_MATCH = YES;
				COPY_PHASE_STRIP = YES;
				DEBUG_INFORMATION_FORMAT = "dwarf-with-dsym";
				ENABLE_NS_ASSERTIONS = NO;
				ENABLE_STRICT_OBJC_MSGSEND = YES;
				GCC_C_LANGUAGE_STANDARD = gnu99;
				GCC_WARN_64_TO_32_BIT_CONVERSION = YES;
				GCC_WARN_ABOUT_RETURN_TYPE = YES_ERROR;
				GCC_WARN_UNDECLARED_SELECTOR = YES;
				GCC_WARN_UNINITIALIZED_AUTOS = YES_AGGRESSIVE;
				GCC_WARN_UNUSED_FUNCTION = YES;
				GCC_WARN_UNUSED_VARIABLE = YES;
				MACOSX_DEPLOYMENT_TARGET = 10.9;
				MTL_ENABLE_DEBUG_INFO = NO;
				SDKROOT = macosx;
			};
			name = Release;
		};
		2951A3C719DB73A10073843A /* Debug */ = {
			isa = XCBuildConfiguration;
			buildSettings = {
				PRODUCT_NAME = "$(TARGET_NAME)";
			};
			name = Debug;
		};
		2951A3C819DB73A10073843A /* Release */ = {
			isa = XCBuildConfiguration;
			buildSettings = {
				PRODUCT_NAME = "$(TARGET_NAME)";
			};
			name = Release;
		};
/* End XCBuildConfiguration section */

/* Begin XCConfigurationList section */
		2951A3BA19DB73A10073843A /* Build configuration list for PBXProject "truthtable" */ = {
			isa = XCConfigurationList;
			buildConfigurations = (
				2951A3C419DB73A10073843A /* Debug */,
				2951A3C519DB73A10073843A /* Release */,
			);
			defaultConfigurationIsVisible = 0;
			defaultConfigurationName = Release;
		};
		2951A3C619DB73A10073843A /* Build configuration list for PBXNativeTarget "truthtable" */ = {
			isa = XCConfigurationList;
			buildConfigurations = (
				2951A3C719DB73A10073843A /* Debug */,
				2951A3C819DB73A10073843A /* Release */,
			);
			defaultConfigurationIsVisible = 0;
		};
/* End XCConfigurationList section */
	};
	rootObject = 2951A3B719DB73A10073843A /* Project object */;
}
