// !$*UTF8*$!
{
	archiveVersion = 1;
	classes = {
	};
	objectVersion = 46;
	objects = {

/* Begin PBXBuildFile section */
		293DA71119EF2C120030A26F /* darraytest.cpp in Sources */ = {isa = PBXBuildFile; fileRef = 293DA71019EF2C120030A26F /* darraytest.cpp */; };
		293DA71619EF2C330030A26F /* complex.cpp in Sources */ = {isa = PBXBuildFile; fileRef = 293DA71319EF2C330030A26F /* complex.cpp */; };
/* End PBXBuildFile section */

/* Begin PBXCopyFilesBuildPhase section */
		293DA70219EF2BF60030A26F /* CopyFiles */ = {
			isa = PBXCopyFilesBuildPhase;
			buildActionMask = 2147483647;
			dstPath = /usr/share/man/man1/;
			dstSubfolderSpec = 0;
			files = (
			);
			runOnlyForDeploymentPostprocessing = 1;
		};
/* End PBXCopyFilesBuildPhase section */

/* Begin PBXFileReference section */
		293DA70419EF2BF60030A26F /* darray */ = {isa = PBXFileReference; explicitFileType = "compiled.mach-o.executable"; includeInIndex = 0; path = darray; sourceTree = BUILT_PRODUCTS_DIR; };
		293DA70E19EF2C120030A26F /* darray.h */ = {isa = PBXFileReference; fileEncoding = 4; lastKnownFileType = sourcecode.c.h; name = darray.h; path = ../../objectsforstudents/darray/darray.h; sourceTree = "<group>"; };
		293DA70F19EF2C120030A26F /* darray.hpp */ = {isa = PBXFileReference; fileEncoding = 4; lastKnownFileType = sourcecode.cpp.h; name = darray.hpp; path = ../../objectsforstudents/darray/darray.hpp; sourceTree = "<group>"; };
		293DA71019EF2C120030A26F /* darraytest.cpp */ = {isa = PBXFileReference; fileEncoding = 4; lastKnownFileType = sourcecode.cpp.cpp; name = darraytest.cpp; path = ../../objectsforstudents/darray/darraytest.cpp; sourceTree = "<group>"; };
		293DA71319EF2C330030A26F /* complex.cpp */ = {isa = PBXFileReference; fileEncoding = 4; lastKnownFileType = sourcecode.cpp.cpp; path = complex.cpp; sourceTree = "<group>"; };
		293DA71419EF2C330030A26F /* complex.h */ = {isa = PBXFileReference; fileEncoding = 4; lastKnownFileType = sourcecode.c.h; path = complex.h; sourceTree = "<group>"; };
/* End PBXFileReference section */

/* Begin PBXFrameworksBuildPhase section */
		293DA70119EF2BF60030A26F /* Frameworks */ = {
			isa = PBXFrameworksBuildPhase;
			buildActionMask = 2147483647;
			files = (
			);
			runOnlyForDeploymentPostprocessing = 0;
		};
/* End PBXFrameworksBuildPhase section */

/* Begin PBXGroup section */
		293DA6FB19EF2BF60030A26F = {
			isa = PBXGroup;
			children = (
				293DA71219EF2C330030A26F /* complex */,
				293DA70619EF2BF60030A26F /* darray */,
				293DA70519EF2BF60030A26F /* Products */,
			);
			sourceTree = "<group>";
		};
		293DA70519EF2BF60030A26F /* Products */ = {
			isa = PBXGroup;
			children = (
				293DA70419EF2BF60030A26F /* darray */,
			);
			name = Products;
			sourceTree = "<group>";
		};
		293DA70619EF2BF60030A26F /* darray */ = {
			isa = PBXGroup;
			children = (
				293DA70E19EF2C120030A26F /* darray.h */,
				293DA70F19EF2C120030A26F /* darray.hpp */,
				293DA71019EF2C120030A26F /* darraytest.cpp */,
			);
			path = darray;
			sourceTree = "<group>";
		};
		293DA71219EF2C330030A26F /* complex */ = {
			isa = PBXGroup;
			children = (
				293DA71319EF2C330030A26F /* complex.cpp */,
				293DA71419EF2C330030A26F /* complex.h */,
			);
			name = complex;
			path = ../objectsforstudents/complex;
			sourceTree = "<group>";
		};
/* End PBXGroup section */

/* Begin PBXNativeTarget section */
		293DA70319EF2BF60030A26F /* darray */ = {
			isa = PBXNativeTarget;
			buildConfigurationList = 293DA70B19EF2BF60030A26F /* Build configuration list for PBXNativeTarget "darray" */;
			buildPhases = (
				293DA70019EF2BF60030A26F /* Sources */,
				293DA70119EF2BF60030A26F /* Frameworks */,
				293DA70219EF2BF60030A26F /* CopyFiles */,
			);
			buildRules = (
			);
			dependencies = (
			);
			name = darray;
			productName = darray;
			productReference = 293DA70419EF2BF60030A26F /* darray */;
			productType = "com.apple.product-type.tool";
		};
/* End PBXNativeTarget section */

/* Begin PBXProject section */
		293DA6FC19EF2BF60030A26F /* Project object */ = {
			isa = PBXProject;
			attributes = {
				LastUpgradeCheck = 0600;
				ORGANIZATIONNAME = "Zulfikar Ali Sahool Hameed";
				TargetAttributes = {
					293DA70319EF2BF60030A26F = {
						CreatedOnToolsVersion = 6.0.1;
					};
				};
			};
			buildConfigurationList = 293DA6FF19EF2BF60030A26F /* Build configuration list for PBXProject "darray" */;
			compatibilityVersion = "Xcode 3.2";
			developmentRegion = English;
			hasScannedForEncodings = 0;
			knownRegions = (
				en,
			);
			mainGroup = 293DA6FB19EF2BF60030A26F;
			productRefGroup = 293DA70519EF2BF60030A26F /* Products */;
			projectDirPath = "";
			projectRoot = "";
			targets = (
				293DA70319EF2BF60030A26F /* darray */,
			);
		};
/* End PBXProject section */

/* Begin PBXSourcesBuildPhase section */
		293DA70019EF2BF60030A26F /* Sources */ = {
			isa = PBXSourcesBuildPhase;
			buildActionMask = 2147483647;
			files = (
				293DA71619EF2C330030A26F /* complex.cpp in Sources */,
				293DA71119EF2C120030A26F /* darraytest.cpp in Sources */,
			);
			runOnlyForDeploymentPostprocessing = 0;
		};
/* End PBXSourcesBuildPhase section */

/* Begin XCBuildConfiguration section */
		293DA70919EF2BF60030A26F /* Debug */ = {
			isa = XCBuildConfiguration;
			buildSettings = {
				ALWAYS_SEARCH_USER_PATHS = NO;
				CLANG_CXX_LANGUAGE_STANDARD = "gnu++0x";
				CLANG_CXX_LIBRARY = "libc++";
				CLANG_ENABLE_MODULES = YES;
				CLANG_ENABLE_OBJC_ARC = YES;
				CLANG_WARN_BOOL_CONVERSION = YES;
				CLANG_WARN_CONSTANT_CONVERSION = YES;
				CLANG_WARN_DIRECT_OBJC_ISA_USAGE = YES_ERROR;
				CLANG_WARN_EMPTY_BODY = YES;
				CLANG_WARN_ENUM_CONVERSION = YES;
				CLANG_WARN_INT_CONVERSION = YES;
				CLANG_WARN_OBJC_ROOT_CLASS = YES_ERROR;
				CLANG_WARN_UNREACHABLE_CODE = YES;
				CLANG_WARN__DUPLICATE_METHOD_MATCH = YES;
				COPY_PHASE_STRIP = NO;
				ENABLE_STRICT_OBJC_MSGSEND = YES;
				GCC_C_LANGUAGE_STANDARD = gnu99;
				GCC_DYNAMIC_NO_PIC = NO;
				GCC_OPTIMIZATION_LEVEL = 0;
				GCC_PREPROCESSOR_DEFINITIONS = (
					"DEBUG=1",
					"$(inherited)",
				);
				GCC_SYMBOLS_PRIVATE_EXTERN = NO;
				GCC_WARN_64_TO_32_BIT_CONVERSION = YES;
				GCC_WARN_ABOUT_RETURN_TYPE = YES_ERROR;
				GCC_WARN_UNDECLARED_SELECTOR = YES;
				GCC_WARN_UNINITIALIZED_AUTOS = YES_AGGRESSIVE;
				GCC_WARN_UNUSED_FUNCTION = YES;
				GCC_WARN_UNUSED_VARIABLE = YES;
				MACOSX_DEPLOYMENT_TARGET = 10.9;
				MTL_ENABLE_DEBUG_INFO = YES;
				ONLY_ACTIVE_ARCH = YES;
				SDKROOT = macosx;
			};
			name = Debug;
		};
		293DA70A19EF2BF60030A26F /* Release */ = {
			isa = XCBuildConfiguration;
			buildSettings = {
				ALWAYS_SEARCH_USER_PATHS = NO;
				CLANG_CXX_LANGUAGE_STANDARD = "gnu++0x";
				CLANG_CXX_LIBRARY = "libc++";
				CLANG_ENABLE_MODULES = YES;
				CLANG_ENABLE_OBJC_ARC = YES;
				CLANG_WARN_BOOL_CONVERSION = YES;
				CLANG_WARN_CONSTANT_CONVERSION = YES;
				CLANG_WARN_DIRECT_OBJC_ISA_USAGE = YES_ERROR;
				CLANG_WARN_EMPTY_BODY = YES;
				CLANG_WARN_ENUM_CONVERSION = YES;
				CLANG_WARN_INT_CONVERSION = YES;
				CLANG_WARN_OBJC_ROOT_CLASS = YES_ERROR;
				CLANG_WARN_UNREACHABLE_CODE = YES;
				CLANG_WARN__DUPLICATE_METHOD_MATCH = YES;
				COPY_PHASE_STRIP = YES;
				DEBUG_INFORMATION_FORMAT = "dwarf-with-dsym";
				ENABLE_NS_ASSERTIONS = NO;
				ENABLE_STRICT_OBJC_MSGSEND = YES;
				GCC_C_LANGUAGE_STANDARD = gnu99;
				GCC_WARN_64_TO_32_BIT_CONVERSION = YES;
				GCC_WARN_ABOUT_RETURN_TYPE = YES_ERROR;
				GCC_WARN_UNDECLARED_SELECTOR = YES;
				GCC_WARN_UNINITIALIZED_AUTOS = YES_AGGRESSIVE;
				GCC_WARN_UNUSED_FUNCTION = YES;
				GCC_WARN_UNUSED_VARIABLE = YES;
				MACOSX_DEPLOYMENT_TARGET = 10.9;
				MTL_ENABLE_DEBUG_INFO = NO;
				SDKROOT = macosx;
			};
			name = Release;
		};
		293DA70C19EF2BF60030A26F /* Debug */ = {
			isa = XCBuildConfiguration;
			buildSettings = {
				PRODUCT_NAME = "$(TARGET_NAME)";
			};
			name = Debug;
		};
		293DA70D19EF2BF60030A26F /* Release */ = {
			isa = XCBuildConfiguration;
			buildSettings = {
				PRODUCT_NAME = "$(TARGET_NAME)";
			};
			name = Release;
		};
/* End XCBuildConfiguration section */

/* Begin XCConfigurationList section */
		293DA6FF19EF2BF60030A26F /* Build configuration list for PBXProject "darray" */ = {
			isa = XCConfigurationList;
			buildConfigurations = (
				293DA70919EF2BF60030A26F /* Debug */,
				293DA70A19EF2BF60030A26F /* Release */,
			);
			defaultConfigurationIsVisible = 0;
			defaultConfigurationName = Release;
		};
		293DA70B19EF2BF60030A26F /* Build configuration list for PBXNativeTarget "darray" */ = {
			isa = XCConfigurationList;
			buildConfigurations = (
				293DA70C19EF2BF60030A26F /* Debug */,
				293DA70D19EF2BF60030A26F /* Release */,
			);
			defaultConfigurationIsVisible = 0;
		};
/* End XCConfigurationList section */
	};
	rootObject = 293DA6FC19EF2BF60030A26F /* Project object */;
}
